
Microsoft Visual Studio Solution File, Format Version 12.00
# Visual Studio Version 17
VisualStudioVersion = 17.9.34310.174
MinimumVisualStudioVersion = 10.0.40219.1
Project("{9A19103F-16F7-4668-BE54-9A1E7A4F7556}") = "ClassLibrary1", "ClassLibrary1\ClassLibrary1.csproj", "{D9065033-3369-4660-A563-4B91887E6CB1}"
EndProject
Global
	GlobalSection(SolutionConfigurationPlatforms) = preSolution
		Debug|Any CPU = Debug|Any CPU
		Release|Any CPU = Release|Any CPU
	EndGlobalSection
	GlobalSection(ProjectConfigurationPlatforms) = postSolution
		{D9065033-3369-4660-A563-4B91887E6CB1}.Debug|Any CPU.ActiveCfg = Debug|Any CPU
		{D9065033-3369-4660-A563-4B91887E6CB1}.Debug|Any CPU.Build.0 = Debug|Any CPU
		{D9065033-3369-4660-A563-4B91887E6CB1}.Release|Any CPU.ActiveCfg = Release|Any CPU
		{D9065033-3369-4660-A563-4B91887E6CB1}.Release|Any CPU.Build.0 = Release|Any CPU
	EndGlobalSection
	GlobalSection(SolutionProperties) = preSolution
		HideSolutionNode = FALSE
	EndGlobalSection
	GlobalSection(ExtensibilityGlobals) = postSolution
		SolutionGuid = {85001F13-A071-4580-9699-B3D7F05BAC7E}
	EndGlobalSection
EndGlobal
